
Microsoft Visual Studio Solution File, Format Version 12.00
# Visual Studio Version 17
VisualStudioVersion = 17.13.35913.81 d17.13
MinimumVisualStudioVersion = 10.0.40219.1
Project("{FAE04EC0-301F-11D3-BF4B-00C04F79EFBC}") = "Banksystem", "Banksystem\Banksystem.csproj", "{0CC892C9-8AEC-4281-BC8A-C57A09228144}"
EndProject
Global
	GlobalSection(SolutionConfigurationPlatforms) = preSolution
		Debug|Any CPU = Debug|Any CPU
		Release|Any CPU = Release|Any CPU
	EndGlobalSection
	GlobalSection(ProjectConfigurationPlatforms) = postSolution
		{0CC892C9-8AEC-4281-BC8A-C57A09228144}.Debug|Any CPU.ActiveCfg = Debug|Any CPU
		{0CC892C9-8AEC-4281-BC8A-C57A09228144}.Debug|Any CPU.Build.0 = Debug|Any CPU
		{0CC892C9-8AEC-4281-BC8A-C57A09228144}.Release|Any CPU.ActiveCfg = Release|Any CPU
		{0CC892C9-8AEC-4281-BC8A-C57A09228144}.Release|Any CPU.Build.0 = Release|Any CPU
	EndGlobalSection
	GlobalSection(SolutionProperties) = preSolution
		HideSolutionNode = FALSE
	EndGlobalSection
	GlobalSection(ExtensibilityGlobals) = postSolution
		SolutionGuid = {FB27A56F-4CA0-42BE-913E-796B3E8B761A}
	EndGlobalSection
EndGlobal
